# Code generated by scarb DO NOT EDIT.
version = 1

[[package]]
name = "agentstark"
version = "0.1.0"
dependencies = [
 "openzeppelin",
]

[[package]]
name = "openzeppelin"
version = "0.12.0"
source = "git+https://github.com/OpenZeppelin/cairo-contracts.git?tag=v0.12.0#0697004db74502ce49900edef37331dd03531356"
